# Generated by pub
# See https://dart.dev/tools/pub/glossary#lockfile
packages:
  http_server:
    dependency: "direct main"
    description:
      name: http_server
      url: "https://pub.flutter-io.cn"
    source: hosted
    version: "0.9.8+3"
  mime:
    dependency: transitive
    description:
      name: mime
      url: "https://pub.flutter-io.cn"
    source: hosted
    version: "0.9.6+3"
  path:
    dependency: transitive
    description:
      name: path
      url: "https://pub.flutter-io.cn"
    source: hosted
    version: "1.6.4"
sdks:
  dart: ">=2.0.0 <3.0.0"
